// !$*UTF8*$!
{
	archiveVersion = 1;
	classes = {
	};
	objectVersion = 55;
	objects = {

/* Begin PBXBuildFile section */
		70179033280CA28500ECADDB /* ClosetController.swift in Sources */ = {isa = PBXBuildFile; fileRef = 70179032280CA28500ECADDB /* ClosetController.swift */; };
		70179034280CA28500ECADDB /* ClosetController.swift in Sources */ = {isa = PBXBuildFile; fileRef = 70179032280CA28500ECADDB /* ClosetController.swift */; };
		70179036280CB43D00ECADDB /* ImagePicker.swift in Sources */ = {isa = PBXBuildFile; fileRef = 70179035280CB43D00ECADDB /* ImagePicker.swift */; };
		70179037280CB43D00ECADDB /* ImagePicker.swift in Sources */ = {isa = PBXBuildFile; fileRef = 70179035280CB43D00ECADDB /* ImagePicker.swift */; };
		7017903A280F64E000ECADDB /* PreviewView.swift in Sources */ = {isa = PBXBuildFile; fileRef = 70179039280F64E000ECADDB /* PreviewView.swift */; };
		7017903B280F64E000ECADDB /* PreviewView.swift in Sources */ = {isa = PBXBuildFile; fileRef = 70179039280F64E000ECADDB /* PreviewView.swift */; };
		707B8FF2280528E700AFA03B /* NewPictureView.swift in Sources */ = {isa = PBXBuildFile; fileRef = 707B8FF1280528E700AFA03B /* NewPictureView.swift */; };
		707B8FF3280528E700AFA03B /* NewPictureView.swift in Sources */ = {isa = PBXBuildFile; fileRef = 707B8FF1280528E700AFA03B /* NewPictureView.swift */; };
		707B8FF52805299400AFA03B /* Outline.swift in Sources */ = {isa = PBXBuildFile; fileRef = 707B8FF42805299400AFA03B /* Outline.swift */; };
		707B8FF62805299400AFA03B /* Outline.swift in Sources */ = {isa = PBXBuildFile; fileRef = 707B8FF42805299400AFA03B /* Outline.swift */; };
		707B8FF8280529C200AFA03B /* Line.swift in Sources */ = {isa = PBXBuildFile; fileRef = 707B8FF7280529C200AFA03B /* Line.swift */; };
		707B8FF9280529C200AFA03B /* Line.swift in Sources */ = {isa = PBXBuildFile; fileRef = 707B8FF7280529C200AFA03B /* Line.swift */; };
		707B8FFB28052C6900AFA03B /* CarouselView.swift in Sources */ = {isa = PBXBuildFile; fileRef = 707B8FFA28052C6900AFA03B /* CarouselView.swift */; };
		707B8FFC28052C6900AFA03B /* CarouselView.swift in Sources */ = {isa = PBXBuildFile; fileRef = 707B8FFA28052C6900AFA03B /* CarouselView.swift */; };
		707B90012805E82E00AFA03B /* Clothing.swift in Sources */ = {isa = PBXBuildFile; fileRef = 707B90002805E82E00AFA03B /* Clothing.swift */; };
		707B90022805E82E00AFA03B /* Clothing.swift in Sources */ = {isa = PBXBuildFile; fileRef = 707B90002805E82E00AFA03B /* Clothing.swift */; };
		707B90072805EB4D00AFA03B /* NewPictureViewModel.swift in Sources */ = {isa = PBXBuildFile; fileRef = 707B90062805EB4D00AFA03B /* NewPictureViewModel.swift */; };
		707B90082805EB4D00AFA03B /* NewPictureViewModel.swift in Sources */ = {isa = PBXBuildFile; fileRef = 707B90062805EB4D00AFA03B /* NewPictureViewModel.swift */; };
		707DA70C27FCF65A00E35A83 /* Tests_iOS.swift in Sources */ = {isa = PBXBuildFile; fileRef = 707DA70B27FCF65A00E35A83 /* Tests_iOS.swift */; };
		707DA70E27FCF65A00E35A83 /* Tests_iOSLaunchTests.swift in Sources */ = {isa = PBXBuildFile; fileRef = 707DA70D27FCF65A00E35A83 /* Tests_iOSLaunchTests.swift */; };
		707DA71827FCF65A00E35A83 /* Tests_macOS.swift in Sources */ = {isa = PBXBuildFile; fileRef = 707DA71727FCF65A00E35A83 /* Tests_macOS.swift */; };
		707DA71A27FCF65A00E35A83 /* Tests_macOSLaunchTests.swift in Sources */ = {isa = PBXBuildFile; fileRef = 707DA71927FCF65A00E35A83 /* Tests_macOSLaunchTests.swift */; };
		707DA71B27FCF65A00E35A83 /* fp22_lineageApp.swift in Sources */ = {isa = PBXBuildFile; fileRef = 707DA6F327FCF65900E35A83 /* fp22_lineageApp.swift */; };
		707DA71C27FCF65A00E35A83 /* fp22_lineageApp.swift in Sources */ = {isa = PBXBuildFile; fileRef = 707DA6F327FCF65900E35A83 /* fp22_lineageApp.swift */; };
		707DA71D27FCF65A00E35A83 /* ContentView.swift in Sources */ = {isa = PBXBuildFile; fileRef = 707DA6F427FCF65900E35A83 /* ContentView.swift */; };
		707DA71E27FCF65A00E35A83 /* ContentView.swift in Sources */ = {isa = PBXBuildFile; fileRef = 707DA6F427FCF65900E35A83 /* ContentView.swift */; };
		707DA71F27FCF65A00E35A83 /* Assets.xcassets in Resources */ = {isa = PBXBuildFile; fileRef = 707DA6F527FCF65900E35A83 /* Assets.xcassets */; };
		707DA72027FCF65A00E35A83 /* Assets.xcassets in Resources */ = {isa = PBXBuildFile; fileRef = 707DA6F527FCF65900E35A83 /* Assets.xcassets */; };
		70AC3FE42810AC8300BE475D /* ClosetView.swift in Sources */ = {isa = PBXBuildFile; fileRef = 70AC3FE32810AC8300BE475D /* ClosetView.swift */; };
		70AC3FE52810AC8300BE475D /* ClosetView.swift in Sources */ = {isa = PBXBuildFile; fileRef = 70AC3FE32810AC8300BE475D /* ClosetView.swift */; };
		70AC3FEA2811F1DD00BE475D /* ClosetClothingView.swift in Sources */ = {isa = PBXBuildFile; fileRef = 70AC3FE92811F1DD00BE475D /* ClosetClothingView.swift */; };
		70AC3FEB2811F1DD00BE475D /* ClosetClothingView.swift in Sources */ = {isa = PBXBuildFile; fileRef = 70AC3FE92811F1DD00BE475D /* ClosetClothingView.swift */; };
		70AC3FED28120D5900BE475D /* TypeView.swift in Sources */ = {isa = PBXBuildFile; fileRef = 70AC3FEC28120D5900BE475D /* TypeView.swift */; };
		70AC3FEE28120D5900BE475D /* TypeView.swift in Sources */ = {isa = PBXBuildFile; fileRef = 70AC3FEC28120D5900BE475D /* TypeView.swift */; };
		70AC3FF02812321D00BE475D /* Dummy.swift in Sources */ = {isa = PBXBuildFile; fileRef = 70AC3FEF2812321D00BE475D /* Dummy.swift */; };
		70AC3FF12812321D00BE475D /* Dummy.swift in Sources */ = {isa = PBXBuildFile; fileRef = 70AC3FEF2812321D00BE475D /* Dummy.swift */; };
/* End PBXBuildFile section */

/* Begin PBXContainerItemProxy section */
		707DA70827FCF65A00E35A83 /* PBXContainerItemProxy */ = {
			isa = PBXContainerItemProxy;
			containerPortal = 707DA6EE27FCF65900E35A83 /* Project object */;
			proxyType = 1;
			remoteGlobalIDString = 707DA6F927FCF65900E35A83;
			remoteInfo = "fp22-lineage (iOS)";
		};
		707DA71427FCF65A00E35A83 /* PBXContainerItemProxy */ = {
			isa = PBXContainerItemProxy;
			containerPortal = 707DA6EE27FCF65900E35A83 /* Project object */;
			proxyType = 1;
			remoteGlobalIDString = 707DA6FF27FCF65A00E35A83;
			remoteInfo = "fp22-lineage (macOS)";
		};
/* End PBXContainerItemProxy section */

/* Begin PBXFileReference section */
		70179032280CA28500ECADDB /* ClosetController.swift */ = {isa = PBXFileReference; lastKnownFileType = sourcecode.swift; path = ClosetController.swift; sourceTree = "<group>"; };
		70179035280CB43D00ECADDB /* ImagePicker.swift */ = {isa = PBXFileReference; lastKnownFileType = sourcecode.swift; path = ImagePicker.swift; sourceTree = "<group>"; };
		70179038280E2B9F00ECADDB /* fp22-lineage--iOS--Info.plist */ = {isa = PBXFileReference; lastKnownFileType = text.plist; path = "fp22-lineage--iOS--Info.plist"; sourceTree = "<group>"; };
		70179039280F64E000ECADDB /* PreviewView.swift */ = {isa = PBXFileReference; lastKnownFileType = sourcecode.swift; path = PreviewView.swift; sourceTree = "<group>"; };
		707B8FF1280528E700AFA03B /* NewPictureView.swift */ = {isa = PBXFileReference; lastKnownFileType = sourcecode.swift; path = NewPictureView.swift; sourceTree = "<group>"; };
		707B8FF42805299400AFA03B /* Outline.swift */ = {isa = PBXFileReference; lastKnownFileType = sourcecode.swift; path = Outline.swift; sourceTree = "<group>"; };
		707B8FF7280529C200AFA03B /* Line.swift */ = {isa = PBXFileReference; lastKnownFileType = sourcecode.swift; path = Line.swift; sourceTree = "<group>"; };
		707B8FFA28052C6900AFA03B /* CarouselView.swift */ = {isa = PBXFileReference; lastKnownFileType = sourcecode.swift; path = CarouselView.swift; sourceTree = "<group>"; };
		707B90002805E82E00AFA03B /* Clothing.swift */ = {isa = PBXFileReference; lastKnownFileType = sourcecode.swift; path = Clothing.swift; sourceTree = "<group>"; };
		707B90062805EB4D00AFA03B /* NewPictureViewModel.swift */ = {isa = PBXFileReference; lastKnownFileType = sourcecode.swift; path = NewPictureViewModel.swift; sourceTree = "<group>"; };
		707DA6F327FCF65900E35A83 /* fp22_lineageApp.swift */ = {isa = PBXFileReference; lastKnownFileType = sourcecode.swift; path = fp22_lineageApp.swift; sourceTree = "<group>"; };
		707DA6F427FCF65900E35A83 /* ContentView.swift */ = {isa = PBXFileReference; lastKnownFileType = sourcecode.swift; path = ContentView.swift; sourceTree = "<group>"; };
		707DA6F527FCF65900E35A83 /* Assets.xcassets */ = {isa = PBXFileReference; lastKnownFileType = folder.assetcatalog; path = Assets.xcassets; sourceTree = "<group>"; };
		707DA6FA27FCF65900E35A83 /* fp22-lineage.app */ = {isa = PBXFileReference; explicitFileType = wrapper.application; includeInIndex = 0; path = "fp22-lineage.app"; sourceTree = BUILT_PRODUCTS_DIR; };
		707DA70027FCF65A00E35A83 /* fp22-lineage.app */ = {isa = PBXFileReference; explicitFileType = wrapper.application; includeInIndex = 0; path = "fp22-lineage.app"; sourceTree = BUILT_PRODUCTS_DIR; };
		707DA70227FCF65A00E35A83 /* macOS.entitlements */ = {isa = PBXFileReference; lastKnownFileType = text.plist.entitlements; path = macOS.entitlements; sourceTree = "<group>"; };
		707DA70727FCF65A00E35A83 /* Tests iOS.xctest */ = {isa = PBXFileReference; explicitFileType = wrapper.cfbundle; includeInIndex = 0; path = "Tests iOS.xctest"; sourceTree = BUILT_PRODUCTS_DIR; };
		707DA70B27FCF65A00E35A83 /* Tests_iOS.swift */ = {isa = PBXFileReference; lastKnownFileType = sourcecode.swift; path = Tests_iOS.swift; sourceTree = "<group>"; };
		707DA70D27FCF65A00E35A83 /* Tests_iOSLaunchTests.swift */ = {isa = PBXFileReference; lastKnownFileType = sourcecode.swift; path = Tests_iOSLaunchTests.swift; sourceTree = "<group>"; };
		707DA71327FCF65A00E35A83 /* Tests macOS.xctest */ = {isa = PBXFileReference; explicitFileType = wrapper.cfbundle; includeInIndex = 0; path = "Tests macOS.xctest"; sourceTree = BUILT_PRODUCTS_DIR; };
		707DA71727FCF65A00E35A83 /* Tests_macOS.swift */ = {isa = PBXFileReference; lastKnownFileType = sourcecode.swift; path = Tests_macOS.swift; sourceTree = "<group>"; };
		707DA71927FCF65A00E35A83 /* Tests_macOSLaunchTests.swift */ = {isa = PBXFileReference; lastKnownFileType = sourcecode.swift; path = Tests_macOSLaunchTests.swift; sourceTree = "<group>"; };
		70AC3FE32810AC8300BE475D /* ClosetView.swift */ = {isa = PBXFileReference; lastKnownFileType = sourcecode.swift; path = ClosetView.swift; sourceTree = "<group>"; };
		70AC3FE92811F1DD00BE475D /* ClosetClothingView.swift */ = {isa = PBXFileReference; lastKnownFileType = sourcecode.swift; path = ClosetClothingView.swift; sourceTree = "<group>"; };
		70AC3FEC28120D5900BE475D /* TypeView.swift */ = {isa = PBXFileReference; lastKnownFileType = sourcecode.swift; path = TypeView.swift; sourceTree = "<group>"; };
		70AC3FEF2812321D00BE475D /* Dummy.swift */ = {isa = PBXFileReference; lastKnownFileType = sourcecode.swift; path = Dummy.swift; sourceTree = "<group>"; };
/* End PBXFileReference section */

/* Begin PBXFrameworksBuildPhase section */
		707DA6F727FCF65900E35A83 /* Frameworks */ = {
			isa = PBXFrameworksBuildPhase;
			buildActionMask = 2147483647;
			files = (
			);
			runOnlyForDeploymentPostprocessing = 0;
		};
		707DA6FD27FCF65A00E35A83 /* Frameworks */ = {
			isa = PBXFrameworksBuildPhase;
			buildActionMask = 2147483647;
			files = (
			);
			runOnlyForDeploymentPostprocessing = 0;
		};
		707DA70427FCF65A00E35A83 /* Frameworks */ = {
			isa = PBXFrameworksBuildPhase;
			buildActionMask = 2147483647;
			files = (
			);
			runOnlyForDeploymentPostprocessing = 0;
		};
		707DA71027FCF65A00E35A83 /* Frameworks */ = {
			isa = PBXFrameworksBuildPhase;
			buildActionMask = 2147483647;
			files = (
			);
			runOnlyForDeploymentPostprocessing = 0;
		};
/* End PBXFrameworksBuildPhase section */

/* Begin PBXGroup section */
		707B90032805E93500AFA03B /* Models */ = {
			isa = PBXGroup;
			children = (
				707B90002805E82E00AFA03B /* Clothing.swift */,
				707B8FF42805299400AFA03B /* Outline.swift */,
				707B8FF7280529C200AFA03B /* Line.swift */,
				70AC3FEF2812321D00BE475D /* Dummy.swift */,
			);
			path = Models;
			sourceTree = "<group>";
		};
		707B90042805E95B00AFA03B /* Views */ = {
			isa = PBXGroup;
			children = (
				707B8FF1280528E700AFA03B /* NewPictureView.swift */,
				707B8FFA28052C6900AFA03B /* CarouselView.swift */,
				70179039280F64E000ECADDB /* PreviewView.swift */,
				70AC3FE32810AC8300BE475D /* ClosetView.swift */,
				70AC3FE92811F1DD00BE475D /* ClosetClothingView.swift */,
				70AC3FEC28120D5900BE475D /* TypeView.swift */,
			);
			path = Views;
			sourceTree = "<group>";
		};
		707B90052805EB3A00AFA03B /* ViewModels */ = {
			isa = PBXGroup;
			children = (
				70179032280CA28500ECADDB /* ClosetController.swift */,
				707B90062805EB4D00AFA03B /* NewPictureViewModel.swift */,
			);
			path = ViewModels;
			sourceTree = "<group>";
		};
		707DA6ED27FCF65900E35A83 = {
			isa = PBXGroup;
			children = (
				70179038280E2B9F00ECADDB /* fp22-lineage--iOS--Info.plist */,
				707DA6F227FCF65900E35A83 /* Shared */,
				707DA70127FCF65A00E35A83 /* macOS */,
				707DA70A27FCF65A00E35A83 /* Tests iOS */,
				707DA71627FCF65A00E35A83 /* Tests macOS */,
				707DA6FB27FCF65900E35A83 /* Products */,
			);
			sourceTree = "<group>";
		};
		707DA6F227FCF65900E35A83 /* Shared */ = {
			isa = PBXGroup;
			children = (
				707B90052805EB3A00AFA03B /* ViewModels */,
				707B90042805E95B00AFA03B /* Views */,
				707B90032805E93500AFA03B /* Models */,
				707DA6F327FCF65900E35A83 /* fp22_lineageApp.swift */,
				707DA6F427FCF65900E35A83 /* ContentView.swift */,
				707DA6F527FCF65900E35A83 /* Assets.xcassets */,
				70179035280CB43D00ECADDB /* ImagePicker.swift */,
			);
			path = Shared;
			sourceTree = "<group>";
		};
		707DA6FB27FCF65900E35A83 /* Products */ = {
			isa = PBXGroup;
			children = (
				707DA6FA27FCF65900E35A83 /* fp22-lineage.app */,
				707DA70027FCF65A00E35A83 /* fp22-lineage.app */,
				707DA70727FCF65A00E35A83 /* Tests iOS.xctest */,
				707DA71327FCF65A00E35A83 /* Tests macOS.xctest */,
			);
			name = Products;
			sourceTree = "<group>";
		};
		707DA70127FCF65A00E35A83 /* macOS */ = {
			isa = PBXGroup;
			children = (
				707DA70227FCF65A00E35A83 /* macOS.entitlements */,
			);
			path = macOS;
			sourceTree = "<group>";
		};
		707DA70A27FCF65A00E35A83 /* Tests iOS */ = {
			isa = PBXGroup;
			children = (
				707DA70B27FCF65A00E35A83 /* Tests_iOS.swift */,
				707DA70D27FCF65A00E35A83 /* Tests_iOSLaunchTests.swift */,
			);
			path = "Tests iOS";
			sourceTree = "<group>";
		};
		707DA71627FCF65A00E35A83 /* Tests macOS */ = {
			isa = PBXGroup;
			children = (
				707DA71727FCF65A00E35A83 /* Tests_macOS.swift */,
				707DA71927FCF65A00E35A83 /* Tests_macOSLaunchTests.swift */,
			);
			path = "Tests macOS";
			sourceTree = "<group>";
		};
/* End PBXGroup section */

/* Begin PBXNativeTarget section */
		707DA6F927FCF65900E35A83 /* fp22-lineage (iOS) */ = {
			isa = PBXNativeTarget;
			buildConfigurationList = 707DA72327FCF65A00E35A83 /* Build configuration list for PBXNativeTarget "fp22-lineage (iOS)" */;
			buildPhases = (
				707DA6F627FCF65900E35A83 /* Sources */,
				707DA6F727FCF65900E35A83 /* Frameworks */,
				707DA6F827FCF65900E35A83 /* Resources */,
			);
			buildRules = (
			);
			dependencies = (
			);
			name = "fp22-lineage (iOS)";
			productName = "fp22-lineage (iOS)";
			productReference = 707DA6FA27FCF65900E35A83 /* fp22-lineage.app */;
			productType = "com.apple.product-type.application";
		};
		707DA6FF27FCF65A00E35A83 /* fp22-lineage (macOS) */ = {
			isa = PBXNativeTarget;
			buildConfigurationList = 707DA72627FCF65A00E35A83 /* Build configuration list for PBXNativeTarget "fp22-lineage (macOS)" */;
			buildPhases = (
				707DA6FC27FCF65A00E35A83 /* Sources */,
				707DA6FD27FCF65A00E35A83 /* Frameworks */,
				707DA6FE27FCF65A00E35A83 /* Resources */,
			);
			buildRules = (
			);
			dependencies = (
			);
			name = "fp22-lineage (macOS)";
			productName = "fp22-lineage (macOS)";
			productReference = 707DA70027FCF65A00E35A83 /* fp22-lineage.app */;
			productType = "com.apple.product-type.application";
		};
		707DA70627FCF65A00E35A83 /* Tests iOS */ = {
			isa = PBXNativeTarget;
			buildConfigurationList = 707DA72927FCF65A00E35A83 /* Build configuration list for PBXNativeTarget "Tests iOS" */;
			buildPhases = (
				707DA70327FCF65A00E35A83 /* Sources */,
				707DA70427FCF65A00E35A83 /* Frameworks */,
				707DA70527FCF65A00E35A83 /* Resources */,
			);
			buildRules = (
			);
			dependencies = (
				707DA70927FCF65A00E35A83 /* PBXTargetDependency */,
			);
			name = "Tests iOS";
			productName = "Tests iOS";
			productReference = 707DA70727FCF65A00E35A83 /* Tests iOS.xctest */;
			productType = "com.apple.product-type.bundle.ui-testing";
		};
		707DA71227FCF65A00E35A83 /* Tests macOS */ = {
			isa = PBXNativeTarget;
			buildConfigurationList = 707DA72C27FCF65A00E35A83 /* Build configuration list for PBXNativeTarget "Tests macOS" */;
			buildPhases = (
				707DA70F27FCF65A00E35A83 /* Sources */,
				707DA71027FCF65A00E35A83 /* Frameworks */,
				707DA71127FCF65A00E35A83 /* Resources */,
			);
			buildRules = (
			);
			dependencies = (
				707DA71527FCF65A00E35A83 /* PBXTargetDependency */,
			);
			name = "Tests macOS";
			productName = "Tests macOS";
			productReference = 707DA71327FCF65A00E35A83 /* Tests macOS.xctest */;
			productType = "com.apple.product-type.bundle.ui-testing";
		};
/* End PBXNativeTarget section */

/* Begin PBXProject section */
		707DA6EE27FCF65900E35A83 /* Project object */ = {
			isa = PBXProject;
			attributes = {
				BuildIndependentTargetsInParallel = 1;
				LastSwiftUpdateCheck = 1330;
				LastUpgradeCheck = 1330;
				TargetAttributes = {
					707DA6F927FCF65900E35A83 = {
						CreatedOnToolsVersion = 13.3;
					};
					707DA6FF27FCF65A00E35A83 = {
						CreatedOnToolsVersion = 13.3;
					};
					707DA70627FCF65A00E35A83 = {
						CreatedOnToolsVersion = 13.3;
						TestTargetID = 707DA6F927FCF65900E35A83;
					};
					707DA71227FCF65A00E35A83 = {
						CreatedOnToolsVersion = 13.3;
						TestTargetID = 707DA6FF27FCF65A00E35A83;
					};
				};
			};
			buildConfigurationList = 707DA6F127FCF65900E35A83 /* Build configuration list for PBXProject "fp22-lineage" */;
			compatibilityVersion = "Xcode 13.0";
			developmentRegion = en;
			hasScannedForEncodings = 0;
			knownRegions = (
				en,
				Base,
			);
			mainGroup = 707DA6ED27FCF65900E35A83;
			productRefGroup = 707DA6FB27FCF65900E35A83 /* Products */;
			projectDirPath = "";
			projectRoot = "";
			targets = (
				707DA6F927FCF65900E35A83 /* fp22-lineage (iOS) */,
				707DA6FF27FCF65A00E35A83 /* fp22-lineage (macOS) */,
				707DA70627FCF65A00E35A83 /* Tests iOS */,
				707DA71227FCF65A00E35A83 /* Tests macOS */,
			);
		};
/* End PBXProject section */

/* Begin PBXResourcesBuildPhase section */
		707DA6F827FCF65900E35A83 /* Resources */ = {
			isa = PBXResourcesBuildPhase;
			buildActionMask = 2147483647;
			files = (
				707DA71F27FCF65A00E35A83 /* Assets.xcassets in Resources */,
			);
			runOnlyForDeploymentPostprocessing = 0;
		};
		707DA6FE27FCF65A00E35A83 /* Resources */ = {
			isa = PBXResourcesBuildPhase;
			buildActionMask = 2147483647;
			files = (
				707DA72027FCF65A00E35A83 /* Assets.xcassets in Resources */,
			);
			runOnlyForDeploymentPostprocessing = 0;
		};
		707DA70527FCF65A00E35A83 /* Resources */ = {
			isa = PBXResourcesBuildPhase;
			buildActionMask = 2147483647;
			files = (
			);
			runOnlyForDeploymentPostprocessing = 0;
		};
		707DA71127FCF65A00E35A83 /* Resources */ = {
			isa = PBXResourcesBuildPhase;
			buildActionMask = 2147483647;
			files = (
			);
			runOnlyForDeploymentPostprocessing = 0;
		};
/* End PBXResourcesBuildPhase section */

/* Begin PBXSourcesBuildPhase section */
		707DA6F627FCF65900E35A83 /* Sources */ = {
			isa = PBXSourcesBuildPhase;
			buildActionMask = 2147483647;
			files = (
				707B8FF52805299400AFA03B /* Outline.swift in Sources */,
				707B90012805E82E00AFA03B /* Clothing.swift in Sources */,
				707DA71D27FCF65A00E35A83 /* ContentView.swift in Sources */,
				707DA71B27FCF65A00E35A83 /* fp22_lineageApp.swift in Sources */,
				7017903A280F64E000ECADDB /* PreviewView.swift in Sources */,
				70AC3FE42810AC8300BE475D /* ClosetView.swift in Sources */,
				707B8FF2280528E700AFA03B /* NewPictureView.swift in Sources */,
				70AC3FF02812321D00BE475D /* Dummy.swift in Sources */,
				707B8FFB28052C6900AFA03B /* CarouselView.swift in Sources */,
				70AC3FED28120D5900BE475D /* TypeView.swift in Sources */,
				70179036280CB43D00ECADDB /* ImagePicker.swift in Sources */,
				70AC3FEA2811F1DD00BE475D /* ClosetClothingView.swift in Sources */,
				707B90072805EB4D00AFA03B /* NewPictureViewModel.swift in Sources */,
				707B8FF8280529C200AFA03B /* Line.swift in Sources */,
				70179033280CA28500ECADDB /* ClosetController.swift in Sources */,
			);
			runOnlyForDeploymentPostprocessing = 0;
		};
		707DA6FC27FCF65A00E35A83 /* Sources */ = {
			isa = PBXSourcesBuildPhase;
			buildActionMask = 2147483647;
			files = (
				707B8FF62805299400AFA03B /* Outline.swift in Sources */,
				707B90022805E82E00AFA03B /* Clothing.swift in Sources */,
				707DA71E27FCF65A00E35A83 /* ContentView.swift in Sources */,
				707DA71C27FCF65A00E35A83 /* fp22_lineageApp.swift in Sources */,
				7017903B280F64E000ECADDB /* PreviewView.swift in Sources */,
				70AC3FE52810AC8300BE475D /* ClosetView.swift in Sources */,
				707B8FF3280528E700AFA03B /* NewPictureView.swift in Sources */,
				70AC3FF12812321D00BE475D /* Dummy.swift in Sources */,
				707B8FFC28052C6900AFA03B /* CarouselView.swift in Sources */,
				70AC3FEE28120D5900BE475D /* TypeView.swift in Sources */,
				70179037280CB43D00ECADDB /* ImagePicker.swift in Sources */,
				70AC3FEB2811F1DD00BE475D /* ClosetClothingView.swift in Sources */,
				707B90082805EB4D00AFA03B /* NewPictureViewModel.swift in Sources */,
				707B8FF9280529C200AFA03B /* Line.swift in Sources */,
				70179034280CA28500ECADDB /* ClosetController.swift in Sources */,
			);
			runOnlyForDeploymentPostprocessing = 0;
		};
		707DA70327FCF65A00E35A83 /* Sources */ = {
			isa = PBXSourcesBuildPhase;
			buildActionMask = 2147483647;
			files = (
				707DA70E27FCF65A00E35A83 /* Tests_iOSLaunchTests.swift in Sources */,
				707DA70C27FCF65A00E35A83 /* Tests_iOS.swift in Sources */,
			);
			runOnlyForDeploymentPostprocessing = 0;
		};
		707DA70F27FCF65A00E35A83 /* Sources */ = {
			isa = PBXSourcesBuildPhase;
			buildActionMask = 2147483647;
			files = (
				707DA71A27FCF65A00E35A83 /* Tests_macOSLaunchTests.swift in Sources */,
				707DA71827FCF65A00E35A83 /* Tests_macOS.swift in Sources */,
			);
			runOnlyForDeploymentPostprocessing = 0;
		};
/* End PBXSourcesBuildPhase section */

/* Begin PBXTargetDependency section */
		707DA70927FCF65A00E35A83 /* PBXTargetDependency */ = {
			isa = PBXTargetDependency;
			target = 707DA6F927FCF65900E35A83 /* fp22-lineage (iOS) */;
			targetProxy = 707DA70827FCF65A00E35A83 /* PBXContainerItemProxy */;
		};
		707DA71527FCF65A00E35A83 /* PBXTargetDependency */ = {
			isa = PBXTargetDependency;
			target = 707DA6FF27FCF65A00E35A83 /* fp22-lineage (macOS) */;
			targetProxy = 707DA71427FCF65A00E35A83 /* PBXContainerItemProxy */;
		};
/* End PBXTargetDependency section */

/* Begin XCBuildConfiguration section */
		707DA72127FCF65A00E35A83 /* Debug */ = {
			isa = XCBuildConfiguration;
			buildSettings = {
				ALWAYS_SEARCH_USER_PATHS = NO;
				CLANG_ANALYZER_NONNULL = YES;
				CLANG_ANALYZER_NUMBER_OBJECT_CONVERSION = YES_AGGRESSIVE;
				CLANG_CXX_LANGUAGE_STANDARD = "gnu++17";
				CLANG_ENABLE_MODULES = YES;
				CLANG_ENABLE_OBJC_ARC = YES;
				CLANG_ENABLE_OBJC_WEAK = YES;
				CLANG_WARN_BLOCK_CAPTURE_AUTORELEASING = YES;
				CLANG_WARN_BOOL_CONVERSION = YES;
				CLANG_WARN_COMMA = YES;
				CLANG_WARN_CONSTANT_CONVERSION = YES;
				CLANG_WARN_DEPRECATED_OBJC_IMPLEMENTATIONS = YES;
				CLANG_WARN_DIRECT_OBJC_ISA_USAGE = YES_ERROR;
				CLANG_WARN_DOCUMENTATION_COMMENTS = YES;
				CLANG_WARN_EMPTY_BODY = YES;
				CLANG_WARN_ENUM_CONVERSION = YES;
				CLANG_WARN_INFINITE_RECURSION = YES;
				CLANG_WARN_INT_CONVERSION = YES;
				CLANG_WARN_NON_LITERAL_NULL_CONVERSION = YES;
				CLANG_WARN_OBJC_IMPLICIT_RETAIN_SELF = YES;
				CLANG_WARN_OBJC_LITERAL_CONVERSION = YES;
				CLANG_WARN_OBJC_ROOT_CLASS = YES_ERROR;
				CLANG_WARN_QUOTED_INCLUDE_IN_FRAMEWORK_HEADER = YES;
				CLANG_WARN_RANGE_LOOP_ANALYSIS = YES;
				CLANG_WARN_STRICT_PROTOTYPES = YES;
				CLANG_WARN_SUSPICIOUS_MOVE = YES;
				CLANG_WARN_UNGUARDED_AVAILABILITY = YES_AGGRESSIVE;
				CLANG_WARN_UNREACHABLE_CODE = YES;
				CLANG_WARN__DUPLICATE_METHOD_MATCH = YES;
				COPY_PHASE_STRIP = NO;
				DEBUG_INFORMATION_FORMAT = dwarf;
				ENABLE_STRICT_OBJC_MSGSEND = YES;
				ENABLE_TESTABILITY = YES;
				GCC_C_LANGUAGE_STANDARD = gnu11;
				GCC_DYNAMIC_NO_PIC = NO;
				GCC_NO_COMMON_BLOCKS = YES;
				GCC_OPTIMIZATION_LEVEL = 0;
				GCC_PREPROCESSOR_DEFINITIONS = (
					"DEBUG=1",
					"$(inherited)",
				);
				GCC_WARN_64_TO_32_BIT_CONVERSION = YES;
				GCC_WARN_ABOUT_RETURN_TYPE = YES_ERROR;
				GCC_WARN_UNDECLARED_SELECTOR = YES;
				GCC_WARN_UNINITIALIZED_AUTOS = YES_AGGRESSIVE;
				GCC_WARN_UNUSED_FUNCTION = YES;
				GCC_WARN_UNUSED_VARIABLE = YES;
				MTL_ENABLE_DEBUG_INFO = INCLUDE_SOURCE;
				MTL_FAST_MATH = YES;
				ONLY_ACTIVE_ARCH = YES;
				SWIFT_ACTIVE_COMPILATION_CONDITIONS = DEBUG;
				SWIFT_OPTIMIZATION_LEVEL = "-Onone";
			};
			name = Debug;
		};
		707DA72227FCF65A00E35A83 /* Release */ = {
			isa = XCBuildConfiguration;
			buildSettings = {
				ALWAYS_SEARCH_USER_PATHS = NO;
				CLANG_ANALYZER_NONNULL = YES;
				CLANG_ANALYZER_NUMBER_OBJECT_CONVERSION = YES_AGGRESSIVE;
				CLANG_CXX_LANGUAGE_STANDARD = "gnu++17";
				CLANG_ENABLE_MODULES = YES;
				CLANG_ENABLE_OBJC_ARC = YES;
				CLANG_ENABLE_OBJC_WEAK = YES;
				CLANG_WARN_BLOCK_CAPTURE_AUTORELEASING = YES;
				CLANG_WARN_BOOL_CONVERSION = YES;
				CLANG_WARN_COMMA = YES;
				CLANG_WARN_CONSTANT_CONVERSION = YES;
				CLANG_WARN_DEPRECATED_OBJC_IMPLEMENTATIONS = YES;
				CLANG_WARN_DIRECT_OBJC_ISA_USAGE = YES_ERROR;
				CLANG_WARN_DOCUMENTATION_COMMENTS = YES;
				CLANG_WARN_EMPTY_BODY = YES;
				CLANG_WARN_ENUM_CONVERSION = YES;
				CLANG_WARN_INFINITE_RECURSION = YES;
				CLANG_WARN_INT_CONVERSION = YES;
				CLANG_WARN_NON_LITERAL_NULL_CONVERSION = YES;
				CLANG_WARN_OBJC_IMPLICIT_RETAIN_SELF = YES;
				CLANG_WARN_OBJC_LITERAL_CONVERSION = YES;
				CLANG_WARN_OBJC_ROOT_CLASS = YES_ERROR;
				CLANG_WARN_QUOTED_INCLUDE_IN_FRAMEWORK_HEADER = YES;
				CLANG_WARN_RANGE_LOOP_ANALYSIS = YES;
				CLANG_WARN_STRICT_PROTOTYPES = YES;
				CLANG_WARN_SUSPICIOUS_MOVE = YES;
				CLANG_WARN_UNGUARDED_AVAILABILITY = YES_AGGRESSIVE;
				CLANG_WARN_UNREACHABLE_CODE = YES;
				CLANG_WARN__DUPLICATE_METHOD_MATCH = YES;
				COPY_PHASE_STRIP = NO;
				DEBUG_INFORMATION_FORMAT = "dwarf-with-dsym";
				ENABLE_NS_ASSERTIONS = NO;
				ENABLE_STRICT_OBJC_MSGSEND = YES;
				GCC_C_LANGUAGE_STANDARD = gnu11;
				GCC_NO_COMMON_BLOCKS = YES;
				GCC_WARN_64_TO_32_BIT_CONVERSION = YES;
				GCC_WARN_ABOUT_RETURN_TYPE = YES_ERROR;
				GCC_WARN_UNDECLARED_SELECTOR = YES;
				GCC_WARN_UNINITIALIZED_AUTOS = YES_AGGRESSIVE;
				GCC_WARN_UNUSED_FUNCTION = YES;
				GCC_WARN_UNUSED_VARIABLE = YES;
				MTL_ENABLE_DEBUG_INFO = NO;
				MTL_FAST_MATH = YES;
				SWIFT_COMPILATION_MODE = wholemodule;
				SWIFT_OPTIMIZATION_LEVEL = "-O";
			};
			name = Release;
		};
		707DA72427FCF65A00E35A83 /* Debug */ = {
			isa = XCBuildConfiguration;
			buildSettings = {
				ASSETCATALOG_COMPILER_APPICON_NAME = AppIcon;
				ASSETCATALOG_COMPILER_GLOBAL_ACCENT_COLOR_NAME = AccentColor;
				CODE_SIGN_STYLE = Automatic;
				CURRENT_PROJECT_VERSION = 1;
				DEVELOPMENT_TEAM = HL49B4JJPC;
				ENABLE_PREVIEWS = YES;
				GENERATE_INFOPLIST_FILE = YES;
				INFOPLIST_FILE = "fp22-lineage--iOS--Info.plist";
				INFOPLIST_KEY_LSApplicationCategoryType = "";
				INFOPLIST_KEY_NSCameraUsageDescription = "We need to use the camera";
				INFOPLIST_KEY_UIApplicationSceneManifest_Generation = YES;
				INFOPLIST_KEY_UIApplicationSupportsIndirectInputEvents = YES;
				INFOPLIST_KEY_UILaunchScreen_Generation = YES;
				INFOPLIST_KEY_UISupportedInterfaceOrientations_iPad = "UIInterfaceOrientationPortrait UIInterfaceOrientationPortraitUpsideDown UIInterfaceOrientationLandscapeLeft UIInterfaceOrientationLandscapeRight";
				INFOPLIST_KEY_UISupportedInterfaceOrientations_iPhone = "UIInterfaceOrientationPortrait UIInterfaceOrientationLandscapeLeft UIInterfaceOrientationLandscapeRight";
				IPHONEOS_DEPLOYMENT_TARGET = 15.4;
				LD_RUNPATH_SEARCH_PATHS = (
					"$(inherited)",
					"@executable_path/Frameworks",
				);
				MARKETING_VERSION = 1.0;
				PRODUCT_BUNDLE_IDENTIFIER = "com.jacksondowden.fp22-lineage";
				PRODUCT_NAME = "fp22-lineage";
				SDKROOT = iphoneos;
				SWIFT_EMIT_LOC_STRINGS = YES;
				SWIFT_VERSION = 5.0;
				TARGETED_DEVICE_FAMILY = "1,2";
			};
			name = Debug;
		};
		707DA72527FCF65A00E35A83 /* Release */ = {
			isa = XCBuildConfiguration;
			buildSettings = {
				ASSETCATALOG_COMPILER_APPICON_NAME = AppIcon;
				ASSETCATALOG_COMPILER_GLOBAL_ACCENT_COLOR_NAME = AccentColor;
				CODE_SIGN_STYLE = Automatic;
				CURRENT_PROJECT_VERSION = 1;
				DEVELOPMENT_TEAM = HL49B4JJPC;
				ENABLE_PREVIEWS = YES;
				GENERATE_INFOPLIST_FILE = YES;
				INFOPLIST_FILE = "fp22-lineage--iOS--Info.plist";
				INFOPLIST_KEY_LSApplicationCategoryType = "";
				INFOPLIST_KEY_NSCameraUsageDescription = "We need to use the camera";
				INFOPLIST_KEY_UIApplicationSceneManifest_Generation = YES;
				INFOPLIST_KEY_UIApplicationSupportsIndirectInputEvents = YES;
				INFOPLIST_KEY_UILaunchScreen_Generation = YES;
				INFOPLIST_KEY_UISupportedInterfaceOrientations_iPad = "UIInterfaceOrientationPortrait UIInterfaceOrientationPortraitUpsideDown UIInterfaceOrientationLandscapeLeft UIInterfaceOrientationLandscapeRight";
				INFOPLIST_KEY_UISupportedInterfaceOrientations_iPhone = "UIInterfaceOrientationPortrait UIInterfaceOrientationLandscapeLeft UIInterfaceOrientationLandscapeRight";
				IPHONEOS_DEPLOYMENT_TARGET = 15.4;
				LD_RUNPATH_SEARCH_PATHS = (
					"$(inherited)",
					"@executable_path/Frameworks",
				);
				MARKETING_VERSION = 1.0;
				PRODUCT_BUNDLE_IDENTIFIER = "com.jacksondowden.fp22-lineage";
				PRODUCT_NAME = "fp22-lineage";
				SDKROOT = iphoneos;
				SWIFT_EMIT_LOC_STRINGS = YES;
				SWIFT_VERSION = 5.0;
				TARGETED_DEVICE_FAMILY = "1,2";
				VALIDATE_PRODUCT = YES;
			};
			name = Release;
		};
		707DA72727FCF65A00E35A83 /* Debug */ = {
			isa = XCBuildConfiguration;
			buildSettings = {
				ASSETCATALOG_COMPILER_APPICON_NAME = AppIcon;
				ASSETCATALOG_COMPILER_GLOBAL_ACCENT_COLOR_NAME = AccentColor;
				CODE_SIGN_ENTITLEMENTS = macOS/macOS.entitlements;
				CODE_SIGN_STYLE = Automatic;
				COMBINE_HIDPI_IMAGES = YES;
				CURRENT_PROJECT_VERSION = 1;
				DEVELOPMENT_TEAM = HL49B4JJPC;
				ENABLE_HARDENED_RUNTIME = YES;
				ENABLE_PREVIEWS = YES;
				GENERATE_INFOPLIST_FILE = YES;
				INFOPLIST_KEY_NSHumanReadableCopyright = "";
				LD_RUNPATH_SEARCH_PATHS = (
					"$(inherited)",
					"@executable_path/../Frameworks",
				);
				MACOSX_DEPLOYMENT_TARGET = 12.3;
				MARKETING_VERSION = 1.0;
				PRODUCT_BUNDLE_IDENTIFIER = "com.jacksondowden.fp22-lineage";
				PRODUCT_NAME = "fp22-lineage";
				SDKROOT = macosx;
				SWIFT_EMIT_LOC_STRINGS = YES;
				SWIFT_VERSION = 5.0;
			};
			name = Debug;
		};
		707DA72827FCF65A00E35A83 /* Release */ = {
			isa = XCBuildConfiguration;
			buildSettings = {
				ASSETCATALOG_COMPILER_APPICON_NAME = AppIcon;
				ASSETCATALOG_COMPILER_GLOBAL_ACCENT_COLOR_NAME = AccentColor;
				CODE_SIGN_ENTITLEMENTS = macOS/macOS.entitlements;
				CODE_SIGN_STYLE = Automatic;
				COMBINE_HIDPI_IMAGES = YES;
				CURRENT_PROJECT_VERSION = 1;
				DEVELOPMENT_TEAM = HL49B4JJPC;
				ENABLE_HARDENED_RUNTIME = YES;
				ENABLE_PREVIEWS = YES;
				GENERATE_INFOPLIST_FILE = YES;
				INFOPLIST_KEY_NSHumanReadableCopyright = "";
				LD_RUNPATH_SEARCH_PATHS = (
					"$(inherited)",
					"@executable_path/../Frameworks",
				);
				MACOSX_DEPLOYMENT_TARGET = 12.3;
				MARKETING_VERSION = 1.0;
				PRODUCT_BUNDLE_IDENTIFIER = "com.jacksondowden.fp22-lineage";
				PRODUCT_NAME = "fp22-lineage";
				SDKROOT = macosx;
				SWIFT_EMIT_LOC_STRINGS = YES;
				SWIFT_VERSION = 5.0;
			};
			name = Release;
		};
		707DA72A27FCF65A00E35A83 /* Debug */ = {
			isa = XCBuildConfiguration;
			buildSettings = {
				ALWAYS_EMBED_SWIFT_STANDARD_LIBRARIES = YES;
				CODE_SIGN_STYLE = Automatic;
				CURRENT_PROJECT_VERSION = 1;
				DEVELOPMENT_TEAM = HL49B4JJPC;
				GENERATE_INFOPLIST_FILE = YES;
				IPHONEOS_DEPLOYMENT_TARGET = 15.4;
				MARKETING_VERSION = 1.0;
				PRODUCT_BUNDLE_IDENTIFIER = "com.jacksondowden.Tests-iOS";
				PRODUCT_NAME = "$(TARGET_NAME)";
				SDKROOT = iphoneos;
				SWIFT_EMIT_LOC_STRINGS = NO;
				SWIFT_VERSION = 5.0;
				TARGETED_DEVICE_FAMILY = "1,2";
				TEST_TARGET_NAME = "fp22-lineage (iOS)";
			};
			name = Debug;
		};
		707DA72B27FCF65A00E35A83 /* Release */ = {
			isa = XCBuildConfiguration;
			buildSettings = {
				ALWAYS_EMBED_SWIFT_STANDARD_LIBRARIES = YES;
				CODE_SIGN_STYLE = Automatic;
				CURRENT_PROJECT_VERSION = 1;
				DEVELOPMENT_TEAM = HL49B4JJPC;
				GENERATE_INFOPLIST_FILE = YES;
				IPHONEOS_DEPLOYMENT_TARGET = 15.4;
				MARKETING_VERSION = 1.0;
				PRODUCT_BUNDLE_IDENTIFIER = "com.jacksondowden.Tests-iOS";
				PRODUCT_NAME = "$(TARGET_NAME)";
				SDKROOT = iphoneos;
				SWIFT_EMIT_LOC_STRINGS = NO;
				SWIFT_VERSION = 5.0;
				TARGETED_DEVICE_FAMILY = "1,2";
				TEST_TARGET_NAME = "fp22-lineage (iOS)";
				VALIDATE_PRODUCT = YES;
			};
			name = Release;
		};
		707DA72D27FCF65A00E35A83 /* Debug */ = {
			isa = XCBuildConfiguration;
			buildSettings = {
				ALWAYS_EMBED_SWIFT_STANDARD_LIBRARIES = YES;
				CODE_SIGN_STYLE = Automatic;
				CURRENT_PROJECT_VERSION = 1;
				DEVELOPMENT_TEAM = HL49B4JJPC;
				GENERATE_INFOPLIST_FILE = YES;
				MACOSX_DEPLOYMENT_TARGET = 12.3;
				MARKETING_VERSION = 1.0;
				PRODUCT_BUNDLE_IDENTIFIER = "com.jacksondowden.Tests-macOS";
				PRODUCT_NAME = "$(TARGET_NAME)";
				SDKROOT = macosx;
				SWIFT_EMIT_LOC_STRINGS = NO;
				SWIFT_VERSION = 5.0;
				TEST_TARGET_NAME = "fp22-lineage (macOS)";
			};
			name = Debug;
		};
		707DA72E27FCF65A00E35A83 /* Release */ = {
			isa = XCBuildConfiguration;
			buildSettings = {
				ALWAYS_EMBED_SWIFT_STANDARD_LIBRARIES = YES;
				CODE_SIGN_STYLE = Automatic;
				CURRENT_PROJECT_VERSION = 1;
				DEVELOPMENT_TEAM = HL49B4JJPC;
				GENERATE_INFOPLIST_FILE = YES;
				MACOSX_DEPLOYMENT_TARGET = 12.3;
				MARKETING_VERSION = 1.0;
				PRODUCT_BUNDLE_IDENTIFIER = "com.jacksondowden.Tests-macOS";
				PRODUCT_NAME = "$(TARGET_NAME)";
				SDKROOT = macosx;
				SWIFT_EMIT_LOC_STRINGS = NO;
				SWIFT_VERSION = 5.0;
				TEST_TARGET_NAME = "fp22-lineage (macOS)";
			};
			name = Release;
		};
/* End XCBuildConfiguration section */

/* Begin XCConfigurationList section */
		707DA6F127FCF65900E35A83 /* Build configuration list for PBXProject "fp22-lineage" */ = {
			isa = XCConfigurationList;
			buildConfigurations = (
				707DA72127FCF65A00E35A83 /* Debug */,
				707DA72227FCF65A00E35A83 /* Release */,
			);
			defaultConfigurationIsVisible = 0;
			defaultConfigurationName = Release;
		};
		707DA72327FCF65A00E35A83 /* Build configuration list for PBXNativeTarget "fp22-lineage (iOS)" */ = {
			isa = XCConfigurationList;
			buildConfigurations = (
				707DA72427FCF65A00E35A83 /* Debug */,
				707DA72527FCF65A00E35A83 /* Release */,
			);
			defaultConfigurationIsVisible = 0;
			defaultConfigurationName = Release;
		};
		707DA72627FCF65A00E35A83 /* Build configuration list for PBXNativeTarget "fp22-lineage (macOS)" */ = {
			isa = XCConfigurationList;
			buildConfigurations = (
				707DA72727FCF65A00E35A83 /* Debug */,
				707DA72827FCF65A00E35A83 /* Release */,
			);
			defaultConfigurationIsVisible = 0;
			defaultConfigurationName = Release;
		};
		707DA72927FCF65A00E35A83 /* Build configuration list for PBXNativeTarget "Tests iOS" */ = {
			isa = XCConfigurationList;
			buildConfigurations = (
				707DA72A27FCF65A00E35A83 /* Debug */,
				707DA72B27FCF65A00E35A83 /* Release */,
			);
			defaultConfigurationIsVisible = 0;
			defaultConfigurationName = Release;
		};
		707DA72C27FCF65A00E35A83 /* Build configuration list for PBXNativeTarget "Tests macOS" */ = {
			isa = XCConfigurationList;
			buildConfigurations = (
				707DA72D27FCF65A00E35A83 /* Debug */,
				707DA72E27FCF65A00E35A83 /* Release */,
			);
			defaultConfigurationIsVisible = 0;
			defaultConfigurationName = Release;
		};
/* End XCConfigurationList section */
	};
	rootObject = 707DA6EE27FCF65900E35A83 /* Project object */;
}
